// !$*UTF8*$!
{
	archiveVersion = 1;
	classes = {
	};
	objectVersion = 46;
	objects = {

/* Begin PBXBuildFile section */
		C266E10319A9C8D6000BE40F /* main.swift in Sources */ = {isa = PBXBuildFile; fileRef = C266E10219A9C8D6000BE40F /* main.swift */; };
		C266E10519A9C8D6000BE40F /* AppDelegate.swift in Sources */ = {isa = PBXBuildFile; fileRef = C266E10419A9C8D6000BE40F /* AppDelegate.swift */; };
		C266E10719A9C8D6000BE40F /* GameView.swift in Sources */ = {isa = PBXBuildFile; fileRef = C266E10619A9C8D6000BE40F /* GameView.swift */; };
		C266E10919A9C8D6000BE40F /* GameViewController.swift in Sources */ = {isa = PBXBuildFile; fileRef = C266E10819A9C8D6000BE40F /* GameViewController.swift */; };
		C266E10D19A9C8D7000BE40F /* Images.xcassets in Resources */ = {isa = PBXBuildFile; fileRef = C266E10C19A9C8D7000BE40F /* Images.xcassets */; };
		C266E11019A9C8D7000BE40F /* MainMenu.xib in Resources */ = {isa = PBXBuildFile; fileRef = C266E10E19A9C8D7000BE40F /* MainMenu.xib */; };
		C266E11C19A9C8D7000BE40F /* CrayonCannonTests.swift in Sources */ = {isa = PBXBuildFile; fileRef = C266E11B19A9C8D7000BE40F /* CrayonCannonTests.swift */; };
		C266E12F19A9E8F1000BE40F /* SceneKrift.framework in Frameworks */ = {isa = PBXBuildFile; fileRef = C266E12C19A9E8DC000BE40F /* SceneKrift.framework */; };
		C266E13019A9E8F1000BE40F /* SceneKrift.framework in Embed Frameworks */ = {isa = PBXBuildFile; fileRef = C266E12C19A9E8DC000BE40F /* SceneKrift.framework */; settings = {ATTRIBUTES = (CodeSignOnCopy, RemoveHeadersOnCopy, ); }; };
/* End PBXBuildFile section */

/* Begin PBXContainerItemProxy section */
		C266E11619A9C8D7000BE40F /* PBXContainerItemProxy */ = {
			isa = PBXContainerItemProxy;
			containerPortal = C266E0F519A9C8D6000BE40F /* Project object */;
			proxyType = 1;
			remoteGlobalIDString = C266E0FC19A9C8D6000BE40F;
			remoteInfo = CrayonCannon;
		};
		C266E12B19A9E8DC000BE40F /* PBXContainerItemProxy */ = {
			isa = PBXContainerItemProxy;
			containerPortal = C266E12519A9E8DC000BE40F /* SceneKrift.xcodeproj */;
			proxyType = 2;
			remoteGlobalIDString = C2CCB72419A978A200FC0838;
			remoteInfo = SceneKrift;
		};
		C266E12D19A9E8DC000BE40F /* PBXContainerItemProxy */ = {
			isa = PBXContainerItemProxy;
			containerPortal = C266E12519A9E8DC000BE40F /* SceneKrift.xcodeproj */;
			proxyType = 2;
			remoteGlobalIDString = C2CCB72F19A978A200FC0838;
			remoteInfo = SceneKriftTests;
		};
		C266E13119A9E8F1000BE40F /* PBXContainerItemProxy */ = {
			isa = PBXContainerItemProxy;
			containerPortal = C266E12519A9E8DC000BE40F /* SceneKrift.xcodeproj */;
			proxyType = 1;
			remoteGlobalIDString = C2CCB72319A978A200FC0838;
			remoteInfo = SceneKrift;
		};
/* End PBXContainerItemProxy section */

/* Begin PBXCopyFilesBuildPhase section */
		C266E13319A9E8F1000BE40F /* Embed Frameworks */ = {
			isa = PBXCopyFilesBuildPhase;
			buildActionMask = 2147483647;
			dstPath = "";
			dstSubfolderSpec = 10;
			files = (
				C266E13019A9E8F1000BE40F /* SceneKrift.framework in Embed Frameworks */,
			);
			name = "Embed Frameworks";
			runOnlyForDeploymentPostprocessing = 0;
		};
/* End PBXCopyFilesBuildPhase section */

/* Begin PBXFileReference section */
		C266E0FD19A9C8D6000BE40F /* CrayonCannon.app */ = {isa = PBXFileReference; explicitFileType = wrapper.application; includeInIndex = 0; path = CrayonCannon.app; sourceTree = BUILT_PRODUCTS_DIR; };
		C266E10119A9C8D6000BE40F /* Info.plist */ = {isa = PBXFileReference; lastKnownFileType = text.plist.xml; path = Info.plist; sourceTree = "<group>"; };
		C266E10219A9C8D6000BE40F /* main.swift */ = {isa = PBXFileReference; lastKnownFileType = sourcecode.swift; path = main.swift; sourceTree = "<group>"; };
		C266E10419A9C8D6000BE40F /* AppDelegate.swift */ = {isa = PBXFileReference; lastKnownFileType = sourcecode.swift; path = AppDelegate.swift; sourceTree = "<group>"; };
		C266E10619A9C8D6000BE40F /* GameView.swift */ = {isa = PBXFileReference; lastKnownFileType = sourcecode.swift; path = GameView.swift; sourceTree = "<group>"; };
		C266E10819A9C8D6000BE40F /* GameViewController.swift */ = {isa = PBXFileReference; lastKnownFileType = sourcecode.swift; path = GameViewController.swift; sourceTree = "<group>"; };
		C266E10C19A9C8D7000BE40F /* Images.xcassets */ = {isa = PBXFileReference; lastKnownFileType = folder.assetcatalog; path = Images.xcassets; sourceTree = "<group>"; };
		C266E10F19A9C8D7000BE40F /* Base */ = {isa = PBXFileReference; lastKnownFileType = file.xib; name = Base; path = Base.lproj/MainMenu.xib; sourceTree = "<group>"; };
		C266E11519A9C8D7000BE40F /* CrayonCannonTests.xctest */ = {isa = PBXFileReference; explicitFileType = wrapper.cfbundle; includeInIndex = 0; path = CrayonCannonTests.xctest; sourceTree = BUILT_PRODUCTS_DIR; };
		C266E11A19A9C8D7000BE40F /* Info.plist */ = {isa = PBXFileReference; lastKnownFileType = text.plist.xml; path = Info.plist; sourceTree = "<group>"; };
		C266E11B19A9C8D7000BE40F /* CrayonCannonTests.swift */ = {isa = PBXFileReference; lastKnownFileType = sourcecode.swift; path = CrayonCannonTests.swift; sourceTree = "<group>"; };
		C266E12519A9E8DC000BE40F /* SceneKrift.xcodeproj */ = {isa = PBXFileReference; lastKnownFileType = "wrapper.pb-project"; name = SceneKrift.xcodeproj; path = ../SceneKrift/SceneKrift/SceneKrift.xcodeproj; sourceTree = "<group>"; };
/* End PBXFileReference section */

/* Begin PBXFrameworksBuildPhase section */
		C266E0FA19A9C8D6000BE40F /* Frameworks */ = {
			isa = PBXFrameworksBuildPhase;
			buildActionMask = 2147483647;
			files = (
				C266E12F19A9E8F1000BE40F /* SceneKrift.framework in Frameworks */,
			);
			runOnlyForDeploymentPostprocessing = 0;
		};
		C266E11219A9C8D7000BE40F /* Frameworks */ = {
			isa = PBXFrameworksBuildPhase;
			buildActionMask = 2147483647;
			files = (
			);
			runOnlyForDeploymentPostprocessing = 0;
		};
/* End PBXFrameworksBuildPhase section */

/* Begin PBXGroup section */
		C266E0F419A9C8D6000BE40F = {
			isa = PBXGroup;
			children = (
				C266E12519A9E8DC000BE40F /* SceneKrift.xcodeproj */,
				C266E0FF19A9C8D6000BE40F /* CrayonCannon */,
				C266E11819A9C8D7000BE40F /* CrayonCannonTests */,
				C266E0FE19A9C8D6000BE40F /* Products */,
			);
			sourceTree = "<group>";
		};
		C266E0FE19A9C8D6000BE40F /* Products */ = {
			isa = PBXGroup;
			children = (
				C266E0FD19A9C8D6000BE40F /* CrayonCannon.app */,
				C266E11519A9C8D7000BE40F /* CrayonCannonTests.xctest */,
			);
			name = Products;
			sourceTree = "<group>";
		};
		C266E0FF19A9C8D6000BE40F /* CrayonCannon */ = {
			isa = PBXGroup;
			children = (
				C266E10419A9C8D6000BE40F /* AppDelegate.swift */,
				C266E10619A9C8D6000BE40F /* GameView.swift */,
				C266E10819A9C8D6000BE40F /* GameViewController.swift */,
				C266E10C19A9C8D7000BE40F /* Images.xcassets */,
				C266E10E19A9C8D7000BE40F /* MainMenu.xib */,
				C266E10019A9C8D6000BE40F /* Supporting Files */,
			);
			path = CrayonCannon;
			sourceTree = "<group>";
		};
		C266E10019A9C8D6000BE40F /* Supporting Files */ = {
			isa = PBXGroup;
			children = (
				C266E10119A9C8D6000BE40F /* Info.plist */,
				C266E10219A9C8D6000BE40F /* main.swift */,
			);
			name = "Supporting Files";
			sourceTree = "<group>";
		};
		C266E11819A9C8D7000BE40F /* CrayonCannonTests */ = {
			isa = PBXGroup;
			children = (
				C266E11B19A9C8D7000BE40F /* CrayonCannonTests.swift */,
				C266E11919A9C8D7000BE40F /* Supporting Files */,
			);
			path = CrayonCannonTests;
			sourceTree = "<group>";
		};
		C266E11919A9C8D7000BE40F /* Supporting Files */ = {
			isa = PBXGroup;
			children = (
				C266E11A19A9C8D7000BE40F /* Info.plist */,
			);
			name = "Supporting Files";
			sourceTree = "<group>";
		};
		C266E12619A9E8DC000BE40F /* Products */ = {
			isa = PBXGroup;
			children = (
				C266E12C19A9E8DC000BE40F /* SceneKrift.framework */,
				C266E12E19A9E8DC000BE40F /* SceneKriftTests.xctest */,
			);
			name = Products;
			sourceTree = "<group>";
		};
/* End PBXGroup section */

/* Begin PBXNativeTarget section */
		C266E0FC19A9C8D6000BE40F /* CrayonCannon */ = {
			isa = PBXNativeTarget;
			buildConfigurationList = C266E11F19A9C8D7000BE40F /* Build configuration list for PBXNativeTarget "CrayonCannon" */;
			buildPhases = (
				C266E0F919A9C8D6000BE40F /* Sources */,
				C266E0FA19A9C8D6000BE40F /* Frameworks */,
				C266E0FB19A9C8D6000BE40F /* Resources */,
				C266E13319A9E8F1000BE40F /* Embed Frameworks */,
			);
			buildRules = (
			);
			dependencies = (
				C266E13219A9E8F1000BE40F /* PBXTargetDependency */,
			);
			name = CrayonCannon;
			productName = CrayonCannon;
			productReference = C266E0FD19A9C8D6000BE40F /* CrayonCannon.app */;
			productType = "com.apple.product-type.application";
		};
		C266E11419A9C8D7000BE40F /* CrayonCannonTests */ = {
			isa = PBXNativeTarget;
			buildConfigurationList = C266E12219A9C8D7000BE40F /* Build configuration list for PBXNativeTarget "CrayonCannonTests" */;
			buildPhases = (
				C266E11119A9C8D7000BE40F /* Sources */,
				C266E11219A9C8D7000BE40F /* Frameworks */,
				C266E11319A9C8D7000BE40F /* Resources */,
			);
			buildRules = (
			);
			dependencies = (
				C266E11719A9C8D7000BE40F /* PBXTargetDependency */,
			);
			name = CrayonCannonTests;
			productName = CrayonCannonTests;
			productReference = C266E11519A9C8D7000BE40F /* CrayonCannonTests.xctest */;
			productType = "com.apple.product-type.bundle.unit-test";
		};
/* End PBXNativeTarget section */

/* Begin PBXProject section */
		C266E0F519A9C8D6000BE40F /* Project object */ = {
			isa = PBXProject;
			attributes = {
				LastUpgradeCheck = 0600;
				ORGANIZATIONNAME = tree;
				TargetAttributes = {
					C266E0FC19A9C8D6000BE40F = {
						CreatedOnToolsVersion = 6.0;
					};
					C266E11419A9C8D7000BE40F = {
						CreatedOnToolsVersion = 6.0;
						TestTargetID = C266E0FC19A9C8D6000BE40F;
					};
				};
			};
			buildConfigurationList = C266E0F819A9C8D6000BE40F /* Build configuration list for PBXProject "CrayonCannon" */;
			compatibilityVersion = "Xcode 3.2";
			developmentRegion = English;
			hasScannedForEncodings = 0;
			knownRegions = (
				en,
				Base,
			);
			mainGroup = C266E0F419A9C8D6000BE40F;
			productRefGroup = C266E0FE19A9C8D6000BE40F /* Products */;
			projectDirPath = "";
			projectReferences = (
				{
					ProductGroup = C266E12619A9E8DC000BE40F /* Products */;
					ProjectRef = C266E12519A9E8DC000BE40F /* SceneKrift.xcodeproj */;
				},
			);
			projectRoot = "";
			targets = (
				C266E0FC19A9C8D6000BE40F /* CrayonCannon */,
				C266E11419A9C8D7000BE40F /* CrayonCannonTests */,
			);
		};
/* End PBXProject section */

/* Begin PBXReferenceProxy section */
		C266E12C19A9E8DC000BE40F /* SceneKrift.framework */ = {
			isa = PBXReferenceProxy;
			fileType = wrapper.framework;
			path = SceneKrift.framework;
			remoteRef = C266E12B19A9E8DC000BE40F /* PBXContainerItemProxy */;
			sourceTree = BUILT_PRODUCTS_DIR;
		};
		C266E12E19A9E8DC000BE40F /* SceneKriftTests.xctest */ = {
			isa = PBXReferenceProxy;
			fileType = wrapper.cfbundle;
			path = SceneKriftTests.xctest;
			remoteRef = C266E12D19A9E8DC000BE40F /* PBXContainerItemProxy */;
			sourceTree = BUILT_PRODUCTS_DIR;
		};
/* End PBXReferenceProxy section */

/* Begin PBXResourcesBuildPhase section */
		C266E0FB19A9C8D6000BE40F /* Resources */ = {
			isa = PBXResourcesBuildPhase;
			buildActionMask = 2147483647;
			files = (
				C266E10D19A9C8D7000BE40F /* Images.xcassets in Resources */,
				C266E11019A9C8D7000BE40F /* MainMenu.xib in Resources */,
			);
			runOnlyForDeploymentPostprocessing = 0;
		};
		C266E11319A9C8D7000BE40F /* Resources */ = {
			isa = PBXResourcesBuildPhase;
			buildActionMask = 2147483647;
			files = (
			);
			runOnlyForDeploymentPostprocessing = 0;
		};
/* End PBXResourcesBuildPhase section */

/* Begin PBXSourcesBuildPhase section */
		C266E0F919A9C8D6000BE40F /* Sources */ = {
			isa = PBXSourcesBuildPhase;
			buildActionMask = 2147483647;
			files = (
				C266E10919A9C8D6000BE40F /* GameViewController.swift in Sources */,
				C266E10519A9C8D6000BE40F /* AppDelegate.swift in Sources */,
				C266E10719A9C8D6000BE40F /* GameView.swift in Sources */,
				C266E10319A9C8D6000BE40F /* main.swift in Sources */,
			);
			runOnlyForDeploymentPostprocessing = 0;
		};
		C266E11119A9C8D7000BE40F /* Sources */ = {
			isa = PBXSourcesBuildPhase;
			buildActionMask = 2147483647;
			files = (
				C266E11C19A9C8D7000BE40F /* CrayonCannonTests.swift in Sources */,
			);
			runOnlyForDeploymentPostprocessing = 0;
		};
/* End PBXSourcesBuildPhase section */

/* Begin PBXTargetDependency section */
		C266E11719A9C8D7000BE40F /* PBXTargetDependency */ = {
			isa = PBXTargetDependency;
			target = C266E0FC19A9C8D6000BE40F /* CrayonCannon */;
			targetProxy = C266E11619A9C8D7000BE40F /* PBXContainerItemProxy */;
		};
		C266E13219A9E8F1000BE40F /* PBXTargetDependency */ = {
			isa = PBXTargetDependency;
			name = SceneKrift;
			targetProxy = C266E13119A9E8F1000BE40F /* PBXContainerItemProxy */;
		};
/* End PBXTargetDependency section */

/* Begin PBXVariantGroup section */
		C266E10E19A9C8D7000BE40F /* MainMenu.xib */ = {
			isa = PBXVariantGroup;
			children = (
				C266E10F19A9C8D7000BE40F /* Base */,
			);
			name = MainMenu.xib;
			sourceTree = "<group>";
		};
/* End PBXVariantGroup section */

/* Begin XCBuildConfiguration section */
		C266E11D19A9C8D7000BE40F /* Debug */ = {
			isa = XCBuildConfiguration;
			buildSettings = {
				ALWAYS_SEARCH_USER_PATHS = NO;
				CLANG_CXX_LANGUAGE_STANDARD = "gnu++0x";
				CLANG_CXX_LIBRARY = "libc++";
				CLANG_ENABLE_MODULES = YES;
				CLANG_ENABLE_OBJC_ARC = YES;
				CLANG_WARN_BOOL_CONVERSION = YES;
				CLANG_WARN_CONSTANT_CONVERSION = YES;
				CLANG_WARN_DIRECT_OBJC_ISA_USAGE = YES_ERROR;
				CLANG_WARN_EMPTY_BODY = YES;
				CLANG_WARN_ENUM_CONVERSION = YES;
				CLANG_WARN_INT_CONVERSION = YES;
				CLANG_WARN_OBJC_ROOT_CLASS = YES_ERROR;
				CLANG_WARN_UNREACHABLE_CODE = YES;
				CLANG_WARN__DUPLICATE_METHOD_MATCH = YES;
				CODE_SIGN_IDENTITY = "-";
				COPY_PHASE_STRIP = NO;
				ENABLE_STRICT_OBJC_MSGSEND = YES;
				GCC_C_LANGUAGE_STANDARD = gnu99;
				GCC_DYNAMIC_NO_PIC = NO;
				GCC_OPTIMIZATION_LEVEL = 0;
				GCC_PREPROCESSOR_DEFINITIONS = (
					"DEBUG=1",
					"$(inherited)",
				);
				GCC_SYMBOLS_PRIVATE_EXTERN = NO;
				GCC_WARN_64_TO_32_BIT_CONVERSION = YES;
				GCC_WARN_ABOUT_RETURN_TYPE = YES_ERROR;
				GCC_WARN_UNDECLARED_SELECTOR = YES;
				GCC_WARN_UNINITIALIZED_AUTOS = YES_AGGRESSIVE;
				GCC_WARN_UNUSED_FUNCTION = YES;
				GCC_WARN_UNUSED_VARIABLE = YES;
				HEADER_SEARCH_PATHS = (
					"$(inherited)",
					"/Applications/Xcode6-Beta6.app/Contents/Developer/Toolchains/XcodeDefault.xctoolchain/usr/include",
					../SceneKrift/OculusSDK/LibOVR/Include,
				);
				MACOSX_DEPLOYMENT_TARGET = 10.10;
				MTL_ENABLE_DEBUG_INFO = YES;
				ONLY_ACTIVE_ARCH = YES;
				SDKROOT = macosx;
				SWIFT_OPTIMIZATION_LEVEL = "-Onone";
			};
			name = Debug;
		};
		C266E11E19A9C8D7000BE40F /* Release */ = {
			isa = XCBuildConfiguration;
			buildSettings = {
				ALWAYS_SEARCH_USER_PATHS = NO;
				CLANG_CXX_LANGUAGE_STANDARD = "gnu++0x";
				CLANG_CXX_LIBRARY = "libc++";
				CLANG_ENABLE_MODULES = YES;
				CLANG_ENABLE_OBJC_ARC = YES;
				CLANG_WARN_BOOL_CONVERSION = YES;
				CLANG_WARN_CONSTANT_CONVERSION = YES;
				CLANG_WARN_DIRECT_OBJC_ISA_USAGE = YES_ERROR;
				CLANG_WARN_EMPTY_BODY = YES;
				CLANG_WARN_ENUM_CONVERSION = YES;
				CLANG_WARN_INT_CONVERSION = YES;
				CLANG_WARN_OBJC_ROOT_CLASS = YES_ERROR;
				CLANG_WARN_UNREACHABLE_CODE = YES;
				CLANG_WARN__DUPLICATE_METHOD_MATCH = YES;
				CODE_SIGN_IDENTITY = "-";
				COPY_PHASE_STRIP = YES;
				DEBUG_INFORMATION_FORMAT = "dwarf-with-dsym";
				ENABLE_NS_ASSERTIONS = NO;
				ENABLE_STRICT_OBJC_MSGSEND = YES;
				GCC_C_LANGUAGE_STANDARD = gnu99;
				GCC_WARN_64_TO_32_BIT_CONVERSION = YES;
				GCC_WARN_ABOUT_RETURN_TYPE = YES_ERROR;
				GCC_WARN_UNDECLARED_SELECTOR = YES;
				GCC_WARN_UNINITIALIZED_AUTOS = YES_AGGRESSIVE;
				GCC_WARN_UNUSED_FUNCTION = YES;
				GCC_WARN_UNUSED_VARIABLE = YES;
				HEADER_SEARCH_PATHS = (
					"$(inherited)",
					"/Applications/Xcode6-Beta6.app/Contents/Developer/Toolchains/XcodeDefault.xctoolchain/usr/include",
					../SceneKrift/OculusSDK/LibOVR/Include,
				);
				MACOSX_DEPLOYMENT_TARGET = 10.10;
				MTL_ENABLE_DEBUG_INFO = NO;
				SDKROOT = macosx;
			};
			name = Release;
		};
		C266E12019A9C8D7000BE40F /* Debug */ = {
			isa = XCBuildConfiguration;
			buildSettings = {
				ASSETCATALOG_COMPILER_APPICON_NAME = AppIcon;
				COMBINE_HIDPI_IMAGES = YES;
				INFOPLIST_FILE = CrayonCannon/Info.plist;
				LD_RUNPATH_SEARCH_PATHS = "$(inherited) @executable_path/../Frameworks";
				PRODUCT_NAME = "$(TARGET_NAME)";
			};
			name = Debug;
		};
		C266E12119A9C8D7000BE40F /* Release */ = {
			isa = XCBuildConfiguration;
			buildSettings = {
				ASSETCATALOG_COMPILER_APPICON_NAME = AppIcon;
				COMBINE_HIDPI_IMAGES = YES;
				INFOPLIST_FILE = CrayonCannon/Info.plist;
				LD_RUNPATH_SEARCH_PATHS = "$(inherited) @executable_path/../Frameworks";
				PRODUCT_NAME = "$(TARGET_NAME)";
			};
			name = Release;
		};
		C266E12319A9C8D7000BE40F /* Debug */ = {
			isa = XCBuildConfiguration;
			buildSettings = {
				BUNDLE_LOADER = "$(TEST_HOST)";
				COMBINE_HIDPI_IMAGES = YES;
				FRAMEWORK_SEARCH_PATHS = (
					"$(DEVELOPER_FRAMEWORKS_DIR)",
					"$(inherited)",
				);
				GCC_PREPROCESSOR_DEFINITIONS = (
					"DEBUG=1",
					"$(inherited)",
				);
				INFOPLIST_FILE = CrayonCannonTests/Info.plist;
				LD_RUNPATH_SEARCH_PATHS = "$(inherited) @executable_path/../Frameworks @loader_path/../Frameworks";
				PRODUCT_NAME = "$(TARGET_NAME)";
				TEST_HOST = "$(BUILT_PRODUCTS_DIR)/CrayonCannon.app/Contents/MacOS/CrayonCannon";
			};
			name = Debug;
		};
		C266E12419A9C8D7000BE40F /* Release */ = {
			isa = XCBuildConfiguration;
			buildSettings = {
				BUNDLE_LOADER = "$(TEST_HOST)";
				COMBINE_HIDPI_IMAGES = YES;
				FRAMEWORK_SEARCH_PATHS = (
					"$(DEVELOPER_FRAMEWORKS_DIR)",
					"$(inherited)",
				);
				INFOPLIST_FILE = CrayonCannonTests/Info.plist;
				LD_RUNPATH_SEARCH_PATHS = "$(inherited) @executable_path/../Frameworks @loader_path/../Frameworks";
				PRODUCT_NAME = "$(TARGET_NAME)";
				TEST_HOST = "$(BUILT_PRODUCTS_DIR)/CrayonCannon.app/Contents/MacOS/CrayonCannon";
			};
			name = Release;
		};
/* End XCBuildConfiguration section */

/* Begin XCConfigurationList section */
		C266E0F819A9C8D6000BE40F /* Build configuration list for PBXProject "CrayonCannon" */ = {
			isa = XCConfigurationList;
			buildConfigurations = (
				C266E11D19A9C8D7000BE40F /* Debug */,
				C266E11E19A9C8D7000BE40F /* Release */,
			);
			defaultConfigurationIsVisible = 0;
			defaultConfigurationName = Release;
		};
		C266E11F19A9C8D7000BE40F /* Build configuration list for PBXNativeTarget "CrayonCannon" */ = {
			isa = XCConfigurationList;
			buildConfigurations = (
				C266E12019A9C8D7000BE40F /* Debug */,
				C266E12119A9C8D7000BE40F /* Release */,
			);
			defaultConfigurationIsVisible = 0;
			defaultConfigurationName = Release;
		};
		C266E12219A9C8D7000BE40F /* Build configuration list for PBXNativeTarget "CrayonCannonTests" */ = {
			isa = XCConfigurationList;
			buildConfigurations = (
				C266E12319A9C8D7000BE40F /* Debug */,
				C266E12419A9C8D7000BE40F /* Release */,
			);
			defaultConfigurationIsVisible = 0;
			defaultConfigurationName = Release;
		};
/* End XCConfigurationList section */
	};
	rootObject = C266E0F519A9C8D6000BE40F /* Project object */;
}
