// !$*UTF8*$!
{
	archiveVersion = 1;
	classes = {
	};
	objectVersion = 46;
	objects = {

/* Begin PBXBuildFile section */
		D5FAFA6619A9A19600CE17E1 /* main.swift in Sources */ = {isa = PBXBuildFile; fileRef = D5FAFA6519A9A19600CE17E1 /* main.swift */; };
		D5FAFA6819A9A19600CE17E1 /* AppDelegate.swift in Sources */ = {isa = PBXBuildFile; fileRef = D5FAFA6719A9A19600CE17E1 /* AppDelegate.swift */; };
		D5FAFA6A19A9A19600CE17E1 /* GameView.swift in Sources */ = {isa = PBXBuildFile; fileRef = D5FAFA6919A9A19600CE17E1 /* GameView.swift */; };
		D5FAFA6C19A9A19600CE17E1 /* GameViewController.swift in Sources */ = {isa = PBXBuildFile; fileRef = D5FAFA6B19A9A19600CE17E1 /* GameViewController.swift */; };
		D5FAFA6E19A9A19600CE17E1 /* art.scnassets in Resources */ = {isa = PBXBuildFile; fileRef = D5FAFA6D19A9A19600CE17E1 /* art.scnassets */; };
		D5FAFA7019A9A19600CE17E1 /* Images.xcassets in Resources */ = {isa = PBXBuildFile; fileRef = D5FAFA6F19A9A19600CE17E1 /* Images.xcassets */; };
		D5FAFA7319A9A19600CE17E1 /* MainMenu.xib in Resources */ = {isa = PBXBuildFile; fileRef = D5FAFA7119A9A19600CE17E1 /* MainMenu.xib */; };
		D5FAFA7F19A9A19600CE17E1 /* BrazilIdeasTests.swift in Sources */ = {isa = PBXBuildFile; fileRef = D5FAFA7E19A9A19600CE17E1 /* BrazilIdeasTests.swift */; };
/* End PBXBuildFile section */

/* Begin PBXContainerItemProxy section */
		D5FAFA7919A9A19600CE17E1 /* PBXContainerItemProxy */ = {
			isa = PBXContainerItemProxy;
			containerPortal = D5FAFA5819A9A19600CE17E1 /* Project object */;
			proxyType = 1;
			remoteGlobalIDString = D5FAFA5F19A9A19600CE17E1;
			remoteInfo = BrazilIdeas;
		};
/* End PBXContainerItemProxy section */

/* Begin PBXFileReference section */
		D5FAFA6019A9A19600CE17E1 /* BrazilIdeas.app */ = {isa = PBXFileReference; explicitFileType = wrapper.application; includeInIndex = 0; path = BrazilIdeas.app; sourceTree = BUILT_PRODUCTS_DIR; };
		D5FAFA6419A9A19600CE17E1 /* Info.plist */ = {isa = PBXFileReference; lastKnownFileType = text.plist.xml; path = Info.plist; sourceTree = "<group>"; };
		D5FAFA6519A9A19600CE17E1 /* main.swift */ = {isa = PBXFileReference; lastKnownFileType = sourcecode.swift; path = main.swift; sourceTree = "<group>"; };
		D5FAFA6719A9A19600CE17E1 /* AppDelegate.swift */ = {isa = PBXFileReference; lastKnownFileType = sourcecode.swift; path = AppDelegate.swift; sourceTree = "<group>"; };
		D5FAFA6919A9A19600CE17E1 /* GameView.swift */ = {isa = PBXFileReference; lastKnownFileType = sourcecode.swift; path = GameView.swift; sourceTree = "<group>"; };
		D5FAFA6B19A9A19600CE17E1 /* GameViewController.swift */ = {isa = PBXFileReference; lastKnownFileType = sourcecode.swift; path = GameViewController.swift; sourceTree = "<group>"; };
		D5FAFA6D19A9A19600CE17E1 /* art.scnassets */ = {isa = PBXFileReference; lastKnownFileType = wrapper.scnassets; path = art.scnassets; sourceTree = "<group>"; };
		D5FAFA6F19A9A19600CE17E1 /* Images.xcassets */ = {isa = PBXFileReference; lastKnownFileType = folder.assetcatalog; path = Images.xcassets; sourceTree = "<group>"; };
		D5FAFA7219A9A19600CE17E1 /* Base */ = {isa = PBXFileReference; lastKnownFileType = file.xib; name = Base; path = Base.lproj/MainMenu.xib; sourceTree = "<group>"; };
		D5FAFA7819A9A19600CE17E1 /* BrazilIdeasTests.xctest */ = {isa = PBXFileReference; explicitFileType = wrapper.cfbundle; includeInIndex = 0; path = BrazilIdeasTests.xctest; sourceTree = BUILT_PRODUCTS_DIR; };
		D5FAFA7D19A9A19600CE17E1 /* Info.plist */ = {isa = PBXFileReference; lastKnownFileType = text.plist.xml; path = Info.plist; sourceTree = "<group>"; };
		D5FAFA7E19A9A19600CE17E1 /* BrazilIdeasTests.swift */ = {isa = PBXFileReference; lastKnownFileType = sourcecode.swift; path = BrazilIdeasTests.swift; sourceTree = "<group>"; };
/* End PBXFileReference section */

/* Begin PBXFrameworksBuildPhase section */
		D5FAFA5D19A9A19600CE17E1 /* Frameworks */ = {
			isa = PBXFrameworksBuildPhase;
			buildActionMask = 2147483647;
			files = (
			);
			runOnlyForDeploymentPostprocessing = 0;
		};
		D5FAFA7519A9A19600CE17E1 /* Frameworks */ = {
			isa = PBXFrameworksBuildPhase;
			buildActionMask = 2147483647;
			files = (
			);
			runOnlyForDeploymentPostprocessing = 0;
		};
/* End PBXFrameworksBuildPhase section */

/* Begin PBXGroup section */
		D5FAFA5719A9A19600CE17E1 = {
			isa = PBXGroup;
			children = (
				D5FAFA6219A9A19600CE17E1 /* BrazilIdeas */,
				D5FAFA7B19A9A19600CE17E1 /* BrazilIdeasTests */,
				D5FAFA6119A9A19600CE17E1 /* Products */,
			);
			sourceTree = "<group>";
		};
		D5FAFA6119A9A19600CE17E1 /* Products */ = {
			isa = PBXGroup;
			children = (
				D5FAFA6019A9A19600CE17E1 /* BrazilIdeas.app */,
				D5FAFA7819A9A19600CE17E1 /* BrazilIdeasTests.xctest */,
			);
			name = Products;
			sourceTree = "<group>";
		};
		D5FAFA6219A9A19600CE17E1 /* BrazilIdeas */ = {
			isa = PBXGroup;
			children = (
				D5FAFA6719A9A19600CE17E1 /* AppDelegate.swift */,
				D5FAFA6919A9A19600CE17E1 /* GameView.swift */,
				D5FAFA6B19A9A19600CE17E1 /* GameViewController.swift */,
				D5FAFA6D19A9A19600CE17E1 /* art.scnassets */,
				D5FAFA6F19A9A19600CE17E1 /* Images.xcassets */,
				D5FAFA7119A9A19600CE17E1 /* MainMenu.xib */,
				D5FAFA6319A9A19600CE17E1 /* Supporting Files */,
			);
			path = BrazilIdeas;
			sourceTree = "<group>";
		};
		D5FAFA6319A9A19600CE17E1 /* Supporting Files */ = {
			isa = PBXGroup;
			children = (
				D5FAFA6419A9A19600CE17E1 /* Info.plist */,
				D5FAFA6519A9A19600CE17E1 /* main.swift */,
			);
			name = "Supporting Files";
			sourceTree = "<group>";
		};
		D5FAFA7B19A9A19600CE17E1 /* BrazilIdeasTests */ = {
			isa = PBXGroup;
			children = (
				D5FAFA7E19A9A19600CE17E1 /* BrazilIdeasTests.swift */,
				D5FAFA7C19A9A19600CE17E1 /* Supporting Files */,
			);
			path = BrazilIdeasTests;
			sourceTree = "<group>";
		};
		D5FAFA7C19A9A19600CE17E1 /* Supporting Files */ = {
			isa = PBXGroup;
			children = (
				D5FAFA7D19A9A19600CE17E1 /* Info.plist */,
			);
			name = "Supporting Files";
			sourceTree = "<group>";
		};
/* End PBXGroup section */

/* Begin PBXNativeTarget section */
		D5FAFA5F19A9A19600CE17E1 /* BrazilIdeas */ = {
			isa = PBXNativeTarget;
			buildConfigurationList = D5FAFA8219A9A19600CE17E1 /* Build configuration list for PBXNativeTarget "BrazilIdeas" */;
			buildPhases = (
				D5FAFA5C19A9A19600CE17E1 /* Sources */,
				D5FAFA5D19A9A19600CE17E1 /* Frameworks */,
				D5FAFA5E19A9A19600CE17E1 /* Resources */,
			);
			buildRules = (
			);
			dependencies = (
			);
			name = BrazilIdeas;
			productName = BrazilIdeas;
			productReference = D5FAFA6019A9A19600CE17E1 /* BrazilIdeas.app */;
			productType = "com.apple.product-type.application";
		};
		D5FAFA7719A9A19600CE17E1 /* BrazilIdeasTests */ = {
			isa = PBXNativeTarget;
			buildConfigurationList = D5FAFA8519A9A19600CE17E1 /* Build configuration list for PBXNativeTarget "BrazilIdeasTests" */;
			buildPhases = (
				D5FAFA7419A9A19600CE17E1 /* Sources */,
				D5FAFA7519A9A19600CE17E1 /* Frameworks */,
				D5FAFA7619A9A19600CE17E1 /* Resources */,
			);
			buildRules = (
			);
			dependencies = (
				D5FAFA7A19A9A19600CE17E1 /* PBXTargetDependency */,
			);
			name = BrazilIdeasTests;
			productName = BrazilIdeasTests;
			productReference = D5FAFA7819A9A19600CE17E1 /* BrazilIdeasTests.xctest */;
			productType = "com.apple.product-type.bundle.unit-test";
		};
/* End PBXNativeTarget section */

/* Begin PBXProject section */
		D5FAFA5819A9A19600CE17E1 /* Project object */ = {
			isa = PBXProject;
			attributes = {
				LastUpgradeCheck = 0600;
				ORGANIZATIONNAME = "Taka Taka";
				TargetAttributes = {
					D5FAFA5F19A9A19600CE17E1 = {
						CreatedOnToolsVersion = 6.0;
					};
					D5FAFA7719A9A19600CE17E1 = {
						CreatedOnToolsVersion = 6.0;
						TestTargetID = D5FAFA5F19A9A19600CE17E1;
					};
				};
			};
			buildConfigurationList = D5FAFA5B19A9A19600CE17E1 /* Build configuration list for PBXProject "BrazilIdeas" */;
			compatibilityVersion = "Xcode 3.2";
			developmentRegion = English;
			hasScannedForEncodings = 0;
			knownRegions = (
				en,
				Base,
			);
			mainGroup = D5FAFA5719A9A19600CE17E1;
			productRefGroup = D5FAFA6119A9A19600CE17E1 /* Products */;
			projectDirPath = "";
			projectRoot = "";
			targets = (
				D5FAFA5F19A9A19600CE17E1 /* BrazilIdeas */,
				D5FAFA7719A9A19600CE17E1 /* BrazilIdeasTests */,
			);
		};
/* End PBXProject section */

/* Begin PBXResourcesBuildPhase section */
		D5FAFA5E19A9A19600CE17E1 /* Resources */ = {
			isa = PBXResourcesBuildPhase;
			buildActionMask = 2147483647;
			files = (
				D5FAFA6E19A9A19600CE17E1 /* art.scnassets in Resources */,
				D5FAFA7019A9A19600CE17E1 /* Images.xcassets in Resources */,
				D5FAFA7319A9A19600CE17E1 /* MainMenu.xib in Resources */,
			);
			runOnlyForDeploymentPostprocessing = 0;
		};
		D5FAFA7619A9A19600CE17E1 /* Resources */ = {
			isa = PBXResourcesBuildPhase;
			buildActionMask = 2147483647;
			files = (
			);
			runOnlyForDeploymentPostprocessing = 0;
		};
/* End PBXResourcesBuildPhase section */

/* Begin PBXSourcesBuildPhase section */
		D5FAFA5C19A9A19600CE17E1 /* Sources */ = {
			isa = PBXSourcesBuildPhase;
			buildActionMask = 2147483647;
			files = (
				D5FAFA6C19A9A19600CE17E1 /* GameViewController.swift in Sources */,
				D5FAFA6819A9A19600CE17E1 /* AppDelegate.swift in Sources */,
				D5FAFA6A19A9A19600CE17E1 /* GameView.swift in Sources */,
				D5FAFA6619A9A19600CE17E1 /* main.swift in Sources */,
			);
			runOnlyForDeploymentPostprocessing = 0;
		};
		D5FAFA7419A9A19600CE17E1 /* Sources */ = {
			isa = PBXSourcesBuildPhase;
			buildActionMask = 2147483647;
			files = (
				D5FAFA7F19A9A19600CE17E1 /* BrazilIdeasTests.swift in Sources */,
			);
			runOnlyForDeploymentPostprocessing = 0;
		};
/* End PBXSourcesBuildPhase section */

/* Begin PBXTargetDependency section */
		D5FAFA7A19A9A19600CE17E1 /* PBXTargetDependency */ = {
			isa = PBXTargetDependency;
			target = D5FAFA5F19A9A19600CE17E1 /* BrazilIdeas */;
			targetProxy = D5FAFA7919A9A19600CE17E1 /* PBXContainerItemProxy */;
		};
/* End PBXTargetDependency section */

/* Begin PBXVariantGroup section */
		D5FAFA7119A9A19600CE17E1 /* MainMenu.xib */ = {
			isa = PBXVariantGroup;
			children = (
				D5FAFA7219A9A19600CE17E1 /* Base */,
			);
			name = MainMenu.xib;
			sourceTree = "<group>";
		};
/* End PBXVariantGroup section */

/* Begin XCBuildConfiguration section */
		D5FAFA8019A9A19600CE17E1 /* Debug */ = {
			isa = XCBuildConfiguration;
			buildSettings = {
				ALWAYS_SEARCH_USER_PATHS = NO;
				CLANG_CXX_LANGUAGE_STANDARD = "gnu++0x";
				CLANG_CXX_LIBRARY = "libc++";
				CLANG_ENABLE_MODULES = YES;
				CLANG_ENABLE_OBJC_ARC = YES;
				CLANG_WARN_BOOL_CONVERSION = YES;
				CLANG_WARN_CONSTANT_CONVERSION = YES;
				CLANG_WARN_DIRECT_OBJC_ISA_USAGE = YES_ERROR;
				CLANG_WARN_EMPTY_BODY = YES;
				CLANG_WARN_ENUM_CONVERSION = YES;
				CLANG_WARN_INT_CONVERSION = YES;
				CLANG_WARN_OBJC_ROOT_CLASS = YES_ERROR;
				CLANG_WARN_UNREACHABLE_CODE = YES;
				CLANG_WARN__DUPLICATE_METHOD_MATCH = YES;
				CODE_SIGN_IDENTITY = "-";
				COPY_PHASE_STRIP = NO;
				ENABLE_STRICT_OBJC_MSGSEND = YES;
				GCC_C_LANGUAGE_STANDARD = gnu99;
				GCC_DYNAMIC_NO_PIC = NO;
				GCC_OPTIMIZATION_LEVEL = 0;
				GCC_PREPROCESSOR_DEFINITIONS = (
					"DEBUG=1",
					"$(inherited)",
				);
				GCC_SYMBOLS_PRIVATE_EXTERN = NO;
				GCC_WARN_64_TO_32_BIT_CONVERSION = YES;
				GCC_WARN_ABOUT_RETURN_TYPE = YES_ERROR;
				GCC_WARN_UNDECLARED_SELECTOR = YES;
				GCC_WARN_UNINITIALIZED_AUTOS = YES_AGGRESSIVE;
				GCC_WARN_UNUSED_FUNCTION = YES;
				GCC_WARN_UNUSED_VARIABLE = YES;
				MACOSX_DEPLOYMENT_TARGET = 10.9;
				MTL_ENABLE_DEBUG_INFO = YES;
				ONLY_ACTIVE_ARCH = YES;
				SDKROOT = macosx;
				SWIFT_OPTIMIZATION_LEVEL = "-Onone";
			};
			name = Debug;
		};
		D5FAFA8119A9A19600CE17E1 /* Release */ = {
			isa = XCBuildConfiguration;
			buildSettings = {
				ALWAYS_SEARCH_USER_PATHS = NO;
				CLANG_CXX_LANGUAGE_STANDARD = "gnu++0x";
				CLANG_CXX_LIBRARY = "libc++";
				CLANG_ENABLE_MODULES = YES;
				CLANG_ENABLE_OBJC_ARC = YES;
				CLANG_WARN_BOOL_CONVERSION = YES;
				CLANG_WARN_CONSTANT_CONVERSION = YES;
				CLANG_WARN_DIRECT_OBJC_ISA_USAGE = YES_ERROR;
				CLANG_WARN_EMPTY_BODY = YES;
				CLANG_WARN_ENUM_CONVERSION = YES;
				CLANG_WARN_INT_CONVERSION = YES;
				CLANG_WARN_OBJC_ROOT_CLASS = YES_ERROR;
				CLANG_WARN_UNREACHABLE_CODE = YES;
				CLANG_WARN__DUPLICATE_METHOD_MATCH = YES;
				CODE_SIGN_IDENTITY = "-";
				COPY_PHASE_STRIP = YES;
				DEBUG_INFORMATION_FORMAT = "dwarf-with-dsym";
				ENABLE_NS_ASSERTIONS = NO;
				ENABLE_STRICT_OBJC_MSGSEND = YES;
				GCC_C_LANGUAGE_STANDARD = gnu99;
				GCC_WARN_64_TO_32_BIT_CONVERSION = YES;
				GCC_WARN_ABOUT_RETURN_TYPE = YES_ERROR;
				GCC_WARN_UNDECLARED_SELECTOR = YES;
				GCC_WARN_UNINITIALIZED_AUTOS = YES_AGGRESSIVE;
				GCC_WARN_UNUSED_FUNCTION = YES;
				GCC_WARN_UNUSED_VARIABLE = YES;
				MACOSX_DEPLOYMENT_TARGET = 10.9;
				MTL_ENABLE_DEBUG_INFO = NO;
				SDKROOT = macosx;
			};
			name = Release;
		};
		D5FAFA8319A9A19600CE17E1 /* Debug */ = {
			isa = XCBuildConfiguration;
			buildSettings = {
				ASSETCATALOG_COMPILER_APPICON_NAME = AppIcon;
				COMBINE_HIDPI_IMAGES = YES;
				INFOPLIST_FILE = BrazilIdeas/Info.plist;
				LD_RUNPATH_SEARCH_PATHS = "$(inherited) @executable_path/../Frameworks";
				PRODUCT_NAME = "$(TARGET_NAME)";
			};
			name = Debug;
		};
		D5FAFA8419A9A19600CE17E1 /* Release */ = {
			isa = XCBuildConfiguration;
			buildSettings = {
				ASSETCATALOG_COMPILER_APPICON_NAME = AppIcon;
				COMBINE_HIDPI_IMAGES = YES;
				INFOPLIST_FILE = BrazilIdeas/Info.plist;
				LD_RUNPATH_SEARCH_PATHS = "$(inherited) @executable_path/../Frameworks";
				PRODUCT_NAME = "$(TARGET_NAME)";
			};
			name = Release;
		};
		D5FAFA8619A9A19600CE17E1 /* Debug */ = {
			isa = XCBuildConfiguration;
			buildSettings = {
				BUNDLE_LOADER = "$(TEST_HOST)";
				COMBINE_HIDPI_IMAGES = YES;
				FRAMEWORK_SEARCH_PATHS = (
					"$(DEVELOPER_FRAMEWORKS_DIR)",
					"$(inherited)",
				);
				GCC_PREPROCESSOR_DEFINITIONS = (
					"DEBUG=1",
					"$(inherited)",
				);
				INFOPLIST_FILE = BrazilIdeasTests/Info.plist;
				LD_RUNPATH_SEARCH_PATHS = "$(inherited) @executable_path/../Frameworks @loader_path/../Frameworks";
				PRODUCT_NAME = "$(TARGET_NAME)";
				TEST_HOST = "$(BUILT_PRODUCTS_DIR)/BrazilIdeas.app/Contents/MacOS/BrazilIdeas";
			};
			name = Debug;
		};
		D5FAFA8719A9A19600CE17E1 /* Release */ = {
			isa = XCBuildConfiguration;
			buildSettings = {
				BUNDLE_LOADER = "$(TEST_HOST)";
				COMBINE_HIDPI_IMAGES = YES;
				FRAMEWORK_SEARCH_PATHS = (
					"$(DEVELOPER_FRAMEWORKS_DIR)",
					"$(inherited)",
				);
				INFOPLIST_FILE = BrazilIdeasTests/Info.plist;
				LD_RUNPATH_SEARCH_PATHS = "$(inherited) @executable_path/../Frameworks @loader_path/../Frameworks";
				PRODUCT_NAME = "$(TARGET_NAME)";
				TEST_HOST = "$(BUILT_PRODUCTS_DIR)/BrazilIdeas.app/Contents/MacOS/BrazilIdeas";
			};
			name = Release;
		};
/* End XCBuildConfiguration section */

/* Begin XCConfigurationList section */
		D5FAFA5B19A9A19600CE17E1 /* Build configuration list for PBXProject "BrazilIdeas" */ = {
			isa = XCConfigurationList;
			buildConfigurations = (
				D5FAFA8019A9A19600CE17E1 /* Debug */,
				D5FAFA8119A9A19600CE17E1 /* Release */,
			);
			defaultConfigurationIsVisible = 0;
			defaultConfigurationName = Release;
		};
		D5FAFA8219A9A19600CE17E1 /* Build configuration list for PBXNativeTarget "BrazilIdeas" */ = {
			isa = XCConfigurationList;
			buildConfigurations = (
				D5FAFA8319A9A19600CE17E1 /* Debug */,
				D5FAFA8419A9A19600CE17E1 /* Release */,
			);
			defaultConfigurationIsVisible = 0;
		};
		D5FAFA8519A9A19600CE17E1 /* Build configuration list for PBXNativeTarget "BrazilIdeasTests" */ = {
			isa = XCConfigurationList;
			buildConfigurations = (
				D5FAFA8619A9A19600CE17E1 /* Debug */,
				D5FAFA8719A9A19600CE17E1 /* Release */,
			);
			defaultConfigurationIsVisible = 0;
		};
/* End XCConfigurationList section */
	};
	rootObject = D5FAFA5819A9A19600CE17E1 /* Project object */;
}
